
Microsoft Visual Studio Solution File, Format Version 12.00
# Visual Studio Version 17
VisualStudioVersion = 17.5.002.0
MinimumVisualStudioVersion = 10.0.40219.1
Project("{9A19103F-16F7-4668-BE54-9A1E7A4F7556}") = "Aval03", "Aval03.csproj", "{1F4B6863-144F-481F-93D9-7DB37E9D8FA3}"
EndProject
Global
	GlobalSection(SolutionConfigurationPlatforms) = preSolution
		Debug|Any CPU = Debug|Any CPU
		Release|Any CPU = Release|Any CPU
	EndGlobalSection
	GlobalSection(ProjectConfigurationPlatforms) = postSolution
		{1F4B6863-144F-481F-93D9-7DB37E9D8FA3}.Debug|Any CPU.ActiveCfg = Debug|Any CPU
		{1F4B6863-144F-481F-93D9-7DB37E9D8FA3}.Debug|Any CPU.Build.0 = Debug|Any CPU
		{1F4B6863-144F-481F-93D9-7DB37E9D8FA3}.Release|Any CPU.ActiveCfg = Release|Any CPU
		{1F4B6863-144F-481F-93D9-7DB37E9D8FA3}.Release|Any CPU.Build.0 = Release|Any CPU
	EndGlobalSection
	GlobalSection(SolutionProperties) = preSolution
		HideSolutionNode = FALSE
	EndGlobalSection
	GlobalSection(ExtensibilityGlobals) = postSolution
		SolutionGuid = {A433B663-C060-4651-A494-061CDEFE793B}
	EndGlobalSection
EndGlobal
